
Microsoft Visual Studio Solution File, Format Version 12.00
# Visual Studio Version 16
VisualStudioVersion = 16.0.31313.79
MinimumVisualStudioVersion = 10.0.40219.1
Project("{FAE04EC0-301F-11D3-BF4B-00C04F79EFBC}") = "hospital_regstration_homework", "hospital_regstration_homework\hospital_regstration_homework.csproj", "{D47AF43D-C215-44C9-A8C7-A55E0816264F}"
EndProject
Global
	GlobalSection(SolutionConfigurationPlatforms) = preSolution
		Debug|Any CPU = Debug|Any CPU
		Release|Any CPU = Release|Any CPU
	EndGlobalSection
	GlobalSection(ProjectConfigurationPlatforms) = postSolution
		{D47AF43D-C215-44C9-A8C7-A55E0816264F}.Debug|Any CPU.ActiveCfg = Debug|Any CPU
		{D47AF43D-C215-44C9-A8C7-A55E0816264F}.Debug|Any CPU.Build.0 = Debug|Any CPU
		{D47AF43D-C215-44C9-A8C7-A55E0816264F}.Release|Any CPU.ActiveCfg = Release|Any CPU
		{D47AF43D-C215-44C9-A8C7-A55E0816264F}.Release|Any CPU.Build.0 = Release|Any CPU
	EndGlobalSection
	GlobalSection(SolutionProperties) = preSolution
		HideSolutionNode = FALSE
	EndGlobalSection
	GlobalSection(ExtensibilityGlobals) = postSolution
		SolutionGuid = {28520919-F5C3-46B9-9C24-9A606FD60019}
	EndGlobalSection
EndGlobal
